// !$*UTF8*$!
{
	archiveVersion = 1;
	classes = {
	};
	objectVersion = 56;
	objects = {

/* Begin PBXBuildFile section */
		478692842B46404800DC1D45 /* Testbed_iOS_Tests.swift in Sources */ = {isa = PBXBuildFile; fileRef = 478692832B46404800DC1D45 /* Testbed_iOS_Tests.swift */; };
		47887B382B46287800E23E80 /* Shader.metal in Sources */ = {isa = PBXBuildFile; fileRef = 47887B342B46287800E23E80 /* Shader.metal */; };
		47887B392B46287800E23E80 /* RenderView.swift in Sources */ = {isa = PBXBuildFile; fileRef = 47887B362B46287800E23E80 /* RenderView.swift */; };
		47887B3A2B46287800E23E80 /* Renderer.swift in Sources */ = {isa = PBXBuildFile; fileRef = 47887B372B46287800E23E80 /* Renderer.swift */; };
		47924C2E2B4536E1003CFF87 /* AppDelegate.swift in Sources */ = {isa = PBXBuildFile; fileRef = 47924C2D2B4536E1003CFF87 /* AppDelegate.swift */; };
		47924C302B4536E1003CFF87 /* SceneDelegate.swift in Sources */ = {isa = PBXBuildFile; fileRef = 47924C2F2B4536E1003CFF87 /* SceneDelegate.swift */; };
		47924C352B4536E1003CFF87 /* Main.storyboard in Resources */ = {isa = PBXBuildFile; fileRef = 47924C332B4536E1003CFF87 /* Main.storyboard */; };
		47924C372B4536E2003CFF87 /* Assets.xcassets in Resources */ = {isa = PBXBuildFile; fileRef = 47924C362B4536E2003CFF87 /* Assets.xcassets */; };
		47924C3A2B4536E2003CFF87 /* LaunchScreen.storyboard in Resources */ = {isa = PBXBuildFile; fileRef = 47924C382B4536E2003CFF87 /* LaunchScreen.storyboard */; };
		47924C432B453732003CFF87 /* Box2D in Frameworks */ = {isa = PBXBuildFile; productRef = 47924C422B453732003CFF87 /* Box2D */; };
		47924CC62B453EA5003CFF87 /* Helper.swift in Sources */ = {isa = PBXBuildFile; fileRef = 47924C862B453EA4003CFF87 /* Helper.swift */; };
		47924CC72B453EA5003CFF87 /* SettingViewController.swift in Sources */ = {isa = PBXBuildFile; fileRef = 47924C872B453EA4003CFF87 /* SettingViewController.swift */; };
		47924CC92B453EA5003CFF87 /* BombLauncher.swift in Sources */ = {isa = PBXBuildFile; fileRef = 47924C892B453EA4003CFF87 /* BombLauncher.swift */; };
		47924CCA2B453EA5003CFF87 /* SwitchCell.xib in Resources */ = {isa = PBXBuildFile; fileRef = 47924C8A2B453EA4003CFF87 /* SwitchCell.xib */; };
		47924CCB2B453EA5003CFF87 /* IterationCell.xib in Resources */ = {isa = PBXBuildFile; fileRef = 47924C8B2B453EA4003CFF87 /* IterationCell.xib */; };
		47924CCC2B453EA5003CFF87 /* HertzCell.xib in Resources */ = {isa = PBXBuildFile; fileRef = 47924C8C2B453EA5003CFF87 /* HertzCell.xib */; };
		47924CCD2B453EA5003CFF87 /* MenuViewController.swift in Sources */ = {isa = PBXBuildFile; fileRef = 47924C8D2B453EA5003CFF87 /* MenuViewController.swift */; };
		47924CCE2B453EA5003CFF87 /* BaseViewController.swift in Sources */ = {isa = PBXBuildFile; fileRef = 47924C8E2B453EA5003CFF87 /* BaseViewController.swift */; };
		47924CCF2B453EA5003CFF87 /* PulleysViewController.swift in Sources */ = {isa = PBXBuildFile; fileRef = 47924C902B453EA5003CFF87 /* PulleysViewController.swift */; };
		47924CD02B453EA5003CFF87 /* VerticalStackViewController.swift in Sources */ = {isa = PBXBuildFile; fileRef = 47924C912B453EA5003CFF87 /* VerticalStackViewController.swift */; };
		47924CD12B453EA5003CFF87 /* TumblerViewController.swift in Sources */ = {isa = PBXBuildFile; fileRef = 47924C922B453EA5003CFF87 /* TumblerViewController.swift */; };
		47924CD22B453EA5003CFF87 /* DominosViewController.swift in Sources */ = {isa = PBXBuildFile; fileRef = 47924C932B453EA5003CFF87 /* DominosViewController.swift */; };
		47924CD32B453EA5003CFF87 /* BreakableViewController.swift in Sources */ = {isa = PBXBuildFile; fileRef = 47924C942B453EA5003CFF87 /* BreakableViewController.swift */; };
		47924CD42B453EA5003CFF87 /* CantileverViewController.swift in Sources */ = {isa = PBXBuildFile; fileRef = 47924C952B453EA5003CFF87 /* CantileverViewController.swift */; };
		47924CD52B453EA5003CFF87 /* MobileViewController.swift in Sources */ = {isa = PBXBuildFile; fileRef = 47924C962B453EA5003CFF87 /* MobileViewController.swift */; };
		47924CD62B453EA5003CFF87 /* RevoluteViewController.swift in Sources */ = {isa = PBXBuildFile; fileRef = 47924C972B453EA5003CFF87 /* RevoluteViewController.swift */; };
		47924CD72B453EA5003CFF87 /* TheoJansenViewController.swift in Sources */ = {isa = PBXBuildFile; fileRef = 47924C982B453EA5003CFF87 /* TheoJansenViewController.swift */; };
		47924CD82B453EA5003CFF87 /* SensorTestViewController.swift in Sources */ = {isa = PBXBuildFile; fileRef = 47924C992B453EA5003CFF87 /* SensorTestViewController.swift */; };
		47924CD92B453EA5003CFF87 /* BridgeViewController.swift in Sources */ = {isa = PBXBuildFile; fileRef = 47924C9A2B453EA5003CFF87 /* BridgeViewController.swift */; };
		47924CDA2B453EA5003CFF87 /* SphereStackViewController.swift in Sources */ = {isa = PBXBuildFile; fileRef = 47924C9B2B453EA5003CFF87 /* SphereStackViewController.swift */; };
		47924CDB2B453EA5003CFF87 /* CarViewController.swift in Sources */ = {isa = PBXBuildFile; fileRef = 47924C9C2B453EA5003CFF87 /* CarViewController.swift */; };
		47924CDC2B453EA5003CFF87 /* VaryingRestitutionViewController.swift in Sources */ = {isa = PBXBuildFile; fileRef = 47924C9D2B453EA5003CFF87 /* VaryingRestitutionViewController.swift */; };
		47924CDD2B453EA5003CFF87 /* PyramidViewController.swift in Sources */ = {isa = PBXBuildFile; fileRef = 47924C9E2B453EA5003CFF87 /* PyramidViewController.swift */; };
		47924CDE2B453EA5003CFF87 /* ApplyForceViewController.swift in Sources */ = {isa = PBXBuildFile; fileRef = 47924C9F2B453EA5003CFF87 /* ApplyForceViewController.swift */; };
		47924CDF2B453EA5003CFF87 /* PrismaticViewController.swift in Sources */ = {isa = PBXBuildFile; fileRef = 47924CA02B453EA5003CFF87 /* PrismaticViewController.swift */; };
		47924CE02B453EA5003CFF87 /* EdgeShapesViewController.swift in Sources */ = {isa = PBXBuildFile; fileRef = 47924CA12B453EA5003CFF87 /* EdgeShapesViewController.swift */; };
		47924CE12B453EA5003CFF87 /* OneSidedPlatformViewController.swift in Sources */ = {isa = PBXBuildFile; fileRef = 47924CA22B453EA5003CFF87 /* OneSidedPlatformViewController.swift */; };
		47924CE22B453EA5003CFF87 /* TilesViewController.swift in Sources */ = {isa = PBXBuildFile; fileRef = 47924CA32B453EA5003CFF87 /* TilesViewController.swift */; };
		47924CE32B453EA5003CFF87 /* DynamicTreeTestViewController.swift in Sources */ = {isa = PBXBuildFile; fileRef = 47924CA42B453EA5003CFF87 /* DynamicTreeTestViewController.swift */; };
		47924CE42B453EA5003CFF87 /* SliderCrankViewController.swift in Sources */ = {isa = PBXBuildFile; fileRef = 47924CA52B453EA5003CFF87 /* SliderCrankViewController.swift */; };
		47924CE52B453EA5003CFF87 /* PolyCollisionViewController.swift in Sources */ = {isa = PBXBuildFile; fileRef = 47924CA62B453EA5003CFF87 /* PolyCollisionViewController.swift */; };
		47924CE62B453EA5003CFF87 /* MotorJointViewController.swift in Sources */ = {isa = PBXBuildFile; fileRef = 47924CA72B453EA5003CFF87 /* MotorJointViewController.swift */; };
		47924CE72B453EA5003CFF87 /* CollisionProcessingViewController.swift in Sources */ = {isa = PBXBuildFile; fileRef = 47924CA82B453EA5003CFF87 /* CollisionProcessingViewController.swift */; };
		47924CE82B453EA5003CFF87 /* RayCastViewController.swift in Sources */ = {isa = PBXBuildFile; fileRef = 47924CA92B453EA5003CFF87 /* RayCastViewController.swift */; };
		47924CE92B453EA5003CFF87 /* ConfinedViewController.swift in Sources */ = {isa = PBXBuildFile; fileRef = 47924CAA2B453EA5003CFF87 /* ConfinedViewController.swift */; };
		47924CEA2B453EA5003CFF87 /* DistanceTestViewController.swift in Sources */ = {isa = PBXBuildFile; fileRef = 47924CAB2B453EA5003CFF87 /* DistanceTestViewController.swift */; };
		47924CEB2B453EA5003CFF87 /* MobileBalancedViewController.swift in Sources */ = {isa = PBXBuildFile; fileRef = 47924CAC2B453EA5003CFF87 /* MobileBalancedViewController.swift */; };
		47924CEC2B453EA5003CFF87 /* VaryingFrictionViewController.swift in Sources */ = {isa = PBXBuildFile; fileRef = 47924CAD2B453EA5003CFF87 /* VaryingFrictionViewController.swift */; };
		47924CED2B453EA5003CFF87 /* ConveyorBeltViewController.swift in Sources */ = {isa = PBXBuildFile; fileRef = 47924CAE2B453EA5003CFF87 /* ConveyorBeltViewController.swift */; };
		47924CEE2B453EA5003CFF87 /* CollisionFilteringViewController.swift in Sources */ = {isa = PBXBuildFile; fileRef = 47924CAF2B453EA5003CFF87 /* CollisionFilteringViewController.swift */; };
		47924CEF2B453EA5003CFF87 /* PinballViewController.swift in Sources */ = {isa = PBXBuildFile; fileRef = 47924CB02B453EA5003CFF87 /* PinballViewController.swift */; };
		47924CF02B453EA5003CFF87 /* BodyTypesViewController.swift in Sources */ = {isa = PBXBuildFile; fileRef = 47924CB12B453EA5003CFF87 /* BodyTypesViewController.swift */; };
		47924CF12B453EA5003CFF87 /* AddPairViewController.swift in Sources */ = {isa = PBXBuildFile; fileRef = 47924CB22B453EA5003CFF87 /* AddPairViewController.swift */; };
		47924CF22B453EA5003CFF87 /* WebViewController.swift in Sources */ = {isa = PBXBuildFile; fileRef = 47924CB32B453EA5003CFF87 /* WebViewController.swift */; };
		47924CF32B453EA5003CFF87 /* ChainViewController.swift in Sources */ = {isa = PBXBuildFile; fileRef = 47924CB42B453EA5003CFF87 /* ChainViewController.swift */; };
		47924CF42B453EA5003CFF87 /* PolyShapesViewController.swift in Sources */ = {isa = PBXBuildFile; fileRef = 47924CB52B453EA5003CFF87 /* PolyShapesViewController.swift */; };
		47924CF52B453EA5003CFF87 /* RopeJointViewController.swift in Sources */ = {isa = PBXBuildFile; fileRef = 47924CB62B453EA5003CFF87 /* RopeJointViewController.swift */; };
		47924CF62B453EA5003CFF87 /* ShapeEditingViewController.swift in Sources */ = {isa = PBXBuildFile; fileRef = 47924CB72B453EA5003CFF87 /* ShapeEditingViewController.swift */; };
		47924CF72B453EA5003CFF87 /* ContinuousTestViewController.swift in Sources */ = {isa = PBXBuildFile; fileRef = 47924CB82B453EA5003CFF87 /* ContinuousTestViewController.swift */; };
		47924CF82B453EA5003CFF87 /* EdgeTestViewController.swift in Sources */ = {isa = PBXBuildFile; fileRef = 47924CB92B453EA5003CFF87 /* EdgeTestViewController.swift */; };
		47924CF92B453EA5003CFF87 /* GearViewController.swift in Sources */ = {isa = PBXBuildFile; fileRef = 47924CBA2B453EA5003CFF87 /* GearViewController.swift */; };
		47924CFA2B453EA5003CFF87 /* CompoundShapesViewController.swift in Sources */ = {isa = PBXBuildFile; fileRef = 47924CBB2B453EA5003CFF87 /* CompoundShapesViewController.swift */; };
		47924CFB2B453EA5003CFF87 /* CharacterCollisionViewController.swift in Sources */ = {isa = PBXBuildFile; fileRef = 47924CBC2B453EA5003CFF87 /* CharacterCollisionViewController.swift */; };
		47924CFC2B453EA5003CFF87 /* TimeOfImpactViewController.swift in Sources */ = {isa = PBXBuildFile; fileRef = 47924CBD2B453EA5003CFF87 /* TimeOfImpactViewController.swift */; };
		47924CFD2B453EA5003CFF87 /* DumpShellViewController.swift in Sources */ = {isa = PBXBuildFile; fileRef = 47924CBE2B453EA5003CFF87 /* DumpShellViewController.swift */; };
		47924CFE2B453EA5003CFF87 /* BulletTestViewController.swift in Sources */ = {isa = PBXBuildFile; fileRef = 47924CBF2B453EA5003CFF87 /* BulletTestViewController.swift */; };
		47924CFF2B453EA5003CFF87 /* AdditionalInfoView.swift in Sources */ = {isa = PBXBuildFile; fileRef = 47924CC02B453EA5003CFF87 /* AdditionalInfoView.swift */; };
		47924D002B453EA5003CFF87 /* InfoView.swift in Sources */ = {isa = PBXBuildFile; fileRef = 47924CC12B453EA5003CFF87 /* InfoView.swift */; };
		47924D032B453EA5003CFF87 /* TextListViewController.swift in Sources */ = {isa = PBXBuildFile; fileRef = 47924CC42B453EA5003CFF87 /* TextListViewController.swift */; };
/* End PBXBuildFile section */

/* Begin PBXContainerItemProxy section */
		478692852B46404800DC1D45 /* PBXContainerItemProxy */ = {
			isa = PBXContainerItemProxy;
			containerPortal = 47924C222B4536E1003CFF87 /* Project object */;
			proxyType = 1;
			remoteGlobalIDString = 47924C292B4536E1003CFF87;
			remoteInfo = "Testbed-iOS";
		};
/* End PBXContainerItemProxy section */

/* Begin PBXFileReference section */
		478692812B46404800DC1D45 /* Testbed-iOS-Tests.xctest */ = {isa = PBXFileReference; explicitFileType = wrapper.cfbundle; includeInIndex = 0; path = "Testbed-iOS-Tests.xctest"; sourceTree = BUILT_PRODUCTS_DIR; };
		478692832B46404800DC1D45 /* Testbed_iOS_Tests.swift */ = {isa = PBXFileReference; lastKnownFileType = sourcecode.swift; path = Testbed_iOS_Tests.swift; sourceTree = "<group>"; };
		47887B342B46287800E23E80 /* Shader.metal */ = {isa = PBXFileReference; fileEncoding = 4; lastKnownFileType = sourcecode.metal; path = Shader.metal; sourceTree = "<group>"; };
		47887B352B46287800E23E80 /* Common.h */ = {isa = PBXFileReference; fileEncoding = 4; lastKnownFileType = sourcecode.c.h; path = Common.h; sourceTree = "<group>"; };
		47887B362B46287800E23E80 /* RenderView.swift */ = {isa = PBXFileReference; fileEncoding = 4; lastKnownFileType = sourcecode.swift; path = RenderView.swift; sourceTree = "<group>"; };
		47887B372B46287800E23E80 /* Renderer.swift */ = {isa = PBXFileReference; fileEncoding = 4; lastKnownFileType = sourcecode.swift; path = Renderer.swift; sourceTree = "<group>"; };
		47887B3B2B46288E00E23E80 /* Testbed-iOS-Bridging-Header.h */ = {isa = PBXFileReference; lastKnownFileType = sourcecode.c.h; path = "Testbed-iOS-Bridging-Header.h"; sourceTree = "<group>"; };
		47924C2A2B4536E1003CFF87 /* Testbed-iOS.app */ = {isa = PBXFileReference; explicitFileType = wrapper.application; includeInIndex = 0; path = "Testbed-iOS.app"; sourceTree = BUILT_PRODUCTS_DIR; };
		47924C2D2B4536E1003CFF87 /* AppDelegate.swift */ = {isa = PBXFileReference; lastKnownFileType = sourcecode.swift; path = AppDelegate.swift; sourceTree = "<group>"; };
		47924C2F2B4536E1003CFF87 /* SceneDelegate.swift */ = {isa = PBXFileReference; lastKnownFileType = sourcecode.swift; path = SceneDelegate.swift; sourceTree = "<group>"; };
		47924C342B4536E1003CFF87 /* Base */ = {isa = PBXFileReference; lastKnownFileType = file.storyboard; name = Base; path = Base.lproj/Main.storyboard; sourceTree = "<group>"; };
		47924C362B4536E2003CFF87 /* Assets.xcassets */ = {isa = PBXFileReference; lastKnownFileType = folder.assetcatalog; path = Assets.xcassets; sourceTree = "<group>"; };
		47924C392B4536E2003CFF87 /* Base */ = {isa = PBXFileReference; lastKnownFileType = file.storyboard; name = Base; path = Base.lproj/LaunchScreen.storyboard; sourceTree = "<group>"; };
		47924C3B2B4536E2003CFF87 /* Info.plist */ = {isa = PBXFileReference; lastKnownFileType = text.plist.xml; path = Info.plist; sourceTree = "<group>"; };
		47924C862B453EA4003CFF87 /* Helper.swift */ = {isa = PBXFileReference; fileEncoding = 4; lastKnownFileType = sourcecode.swift; path = Helper.swift; sourceTree = "<group>"; };
		47924C872B453EA4003CFF87 /* SettingViewController.swift */ = {isa = PBXFileReference; fileEncoding = 4; lastKnownFileType = sourcecode.swift; path = SettingViewController.swift; sourceTree = "<group>"; };
		47924C892B453EA4003CFF87 /* BombLauncher.swift */ = {isa = PBXFileReference; fileEncoding = 4; lastKnownFileType = sourcecode.swift; path = BombLauncher.swift; sourceTree = "<group>"; };
		47924C8A2B453EA4003CFF87 /* SwitchCell.xib */ = {isa = PBXFileReference; fileEncoding = 4; lastKnownFileType = file.xib; path = SwitchCell.xib; sourceTree = "<group>"; };
		47924C8B2B453EA4003CFF87 /* IterationCell.xib */ = {isa = PBXFileReference; fileEncoding = 4; lastKnownFileType = file.xib; path = IterationCell.xib; sourceTree = "<group>"; };
		47924C8C2B453EA5003CFF87 /* HertzCell.xib */ = {isa = PBXFileReference; fileEncoding = 4; lastKnownFileType = file.xib; path = HertzCell.xib; sourceTree = "<group>"; };
		47924C8D2B453EA5003CFF87 /* MenuViewController.swift */ = {isa = PBXFileReference; fileEncoding = 4; lastKnownFileType = sourcecode.swift; path = MenuViewController.swift; sourceTree = "<group>"; };
		47924C8E2B453EA5003CFF87 /* BaseViewController.swift */ = {isa = PBXFileReference; fileEncoding = 4; lastKnownFileType = sourcecode.swift; path = BaseViewController.swift; sourceTree = "<group>"; };
		47924C902B453EA5003CFF87 /* PulleysViewController.swift */ = {isa = PBXFileReference; fileEncoding = 4; lastKnownFileType = sourcecode.swift; path = PulleysViewController.swift; sourceTree = "<group>"; };
		47924C912B453EA5003CFF87 /* VerticalStackViewController.swift */ = {isa = PBXFileReference; fileEncoding = 4; lastKnownFileType = sourcecode.swift; path = VerticalStackViewController.swift; sourceTree = "<group>"; };
		47924C922B453EA5003CFF87 /* TumblerViewController.swift */ = {isa = PBXFileReference; fileEncoding = 4; lastKnownFileType = sourcecode.swift; path = TumblerViewController.swift; sourceTree = "<group>"; };
		47924C932B453EA5003CFF87 /* DominosViewController.swift */ = {isa = PBXFileReference; fileEncoding = 4; lastKnownFileType = sourcecode.swift; path = DominosViewController.swift; sourceTree = "<group>"; };
		47924C942B453EA5003CFF87 /* BreakableViewController.swift */ = {isa = PBXFileReference; fileEncoding = 4; lastKnownFileType = sourcecode.swift; path = BreakableViewController.swift; sourceTree = "<group>"; };
		47924C952B453EA5003CFF87 /* CantileverViewController.swift */ = {isa = PBXFileReference; fileEncoding = 4; lastKnownFileType = sourcecode.swift; path = CantileverViewController.swift; sourceTree = "<group>"; };
		47924C962B453EA5003CFF87 /* MobileViewController.swift */ = {isa = PBXFileReference; fileEncoding = 4; lastKnownFileType = sourcecode.swift; path = MobileViewController.swift; sourceTree = "<group>"; };
		47924C972B453EA5003CFF87 /* RevoluteViewController.swift */ = {isa = PBXFileReference; fileEncoding = 4; lastKnownFileType = sourcecode.swift; path = RevoluteViewController.swift; sourceTree = "<group>"; };
		47924C982B453EA5003CFF87 /* TheoJansenViewController.swift */ = {isa = PBXFileReference; fileEncoding = 4; lastKnownFileType = sourcecode.swift; path = TheoJansenViewController.swift; sourceTree = "<group>"; };
		47924C992B453EA5003CFF87 /* SensorTestViewController.swift */ = {isa = PBXFileReference; fileEncoding = 4; lastKnownFileType = sourcecode.swift; path = SensorTestViewController.swift; sourceTree = "<group>"; };
		47924C9A2B453EA5003CFF87 /* BridgeViewController.swift */ = {isa = PBXFileReference; fileEncoding = 4; lastKnownFileType = sourcecode.swift; path = BridgeViewController.swift; sourceTree = "<group>"; };
		47924C9B2B453EA5003CFF87 /* SphereStackViewController.swift */ = {isa = PBXFileReference; fileEncoding = 4; lastKnownFileType = sourcecode.swift; path = SphereStackViewController.swift; sourceTree = "<group>"; };
		47924C9C2B453EA5003CFF87 /* CarViewController.swift */ = {isa = PBXFileReference; fileEncoding = 4; lastKnownFileType = sourcecode.swift; path = CarViewController.swift; sourceTree = "<group>"; };
		47924C9D2B453EA5003CFF87 /* VaryingRestitutionViewController.swift */ = {isa = PBXFileReference; fileEncoding = 4; lastKnownFileType = sourcecode.swift; path = VaryingRestitutionViewController.swift; sourceTree = "<group>"; };
		47924C9E2B453EA5003CFF87 /* PyramidViewController.swift */ = {isa = PBXFileReference; fileEncoding = 4; lastKnownFileType = sourcecode.swift; path = PyramidViewController.swift; sourceTree = "<group>"; };
		47924C9F2B453EA5003CFF87 /* ApplyForceViewController.swift */ = {isa = PBXFileReference; fileEncoding = 4; lastKnownFileType = sourcecode.swift; path = ApplyForceViewController.swift; sourceTree = "<group>"; };
		47924CA02B453EA5003CFF87 /* PrismaticViewController.swift */ = {isa = PBXFileReference; fileEncoding = 4; lastKnownFileType = sourcecode.swift; path = PrismaticViewController.swift; sourceTree = "<group>"; };
		47924CA12B453EA5003CFF87 /* EdgeShapesViewController.swift */ = {isa = PBXFileReference; fileEncoding = 4; lastKnownFileType = sourcecode.swift; path = EdgeShapesViewController.swift; sourceTree = "<group>"; };
		47924CA22B453EA5003CFF87 /* OneSidedPlatformViewController.swift */ = {isa = PBXFileReference; fileEncoding = 4; lastKnownFileType = sourcecode.swift; path = OneSidedPlatformViewController.swift; sourceTree = "<group>"; };
		47924CA32B453EA5003CFF87 /* TilesViewController.swift */ = {isa = PBXFileReference; fileEncoding = 4; lastKnownFileType = sourcecode.swift; path = TilesViewController.swift; sourceTree = "<group>"; };
		47924CA42B453EA5003CFF87 /* DynamicTreeTestViewController.swift */ = {isa = PBXFileReference; fileEncoding = 4; lastKnownFileType = sourcecode.swift; path = DynamicTreeTestViewController.swift; sourceTree = "<group>"; };
		47924CA52B453EA5003CFF87 /* SliderCrankViewController.swift */ = {isa = PBXFileReference; fileEncoding = 4; lastKnownFileType = sourcecode.swift; path = SliderCrankViewController.swift; sourceTree = "<group>"; };
		47924CA62B453EA5003CFF87 /* PolyCollisionViewController.swift */ = {isa = PBXFileReference; fileEncoding = 4; lastKnownFileType = sourcecode.swift; path = PolyCollisionViewController.swift; sourceTree = "<group>"; };
		47924CA72B453EA5003CFF87 /* MotorJointViewController.swift */ = {isa = PBXFileReference; fileEncoding = 4; lastKnownFileType = sourcecode.swift; path = MotorJointViewController.swift; sourceTree = "<group>"; };
		47924CA82B453EA5003CFF87 /* CollisionProcessingViewController.swift */ = {isa = PBXFileReference; fileEncoding = 4; lastKnownFileType = sourcecode.swift; path = CollisionProcessingViewController.swift; sourceTree = "<group>"; };
		47924CA92B453EA5003CFF87 /* RayCastViewController.swift */ = {isa = PBXFileReference; fileEncoding = 4; lastKnownFileType = sourcecode.swift; path = RayCastViewController.swift; sourceTree = "<group>"; };
		47924CAA2B453EA5003CFF87 /* ConfinedViewController.swift */ = {isa = PBXFileReference; fileEncoding = 4; lastKnownFileType = sourcecode.swift; path = ConfinedViewController.swift; sourceTree = "<group>"; };
		47924CAB2B453EA5003CFF87 /* DistanceTestViewController.swift */ = {isa = PBXFileReference; fileEncoding = 4; lastKnownFileType = sourcecode.swift; path = DistanceTestViewController.swift; sourceTree = "<group>"; };
		47924CAC2B453EA5003CFF87 /* MobileBalancedViewController.swift */ = {isa = PBXFileReference; fileEncoding = 4; lastKnownFileType = sourcecode.swift; path = MobileBalancedViewController.swift; sourceTree = "<group>"; };
		47924CAD2B453EA5003CFF87 /* VaryingFrictionViewController.swift */ = {isa = PBXFileReference; fileEncoding = 4; lastKnownFileType = sourcecode.swift; path = VaryingFrictionViewController.swift; sourceTree = "<group>"; };
		47924CAE2B453EA5003CFF87 /* ConveyorBeltViewController.swift */ = {isa = PBXFileReference; fileEncoding = 4; lastKnownFileType = sourcecode.swift; path = ConveyorBeltViewController.swift; sourceTree = "<group>"; };
		47924CAF2B453EA5003CFF87 /* CollisionFilteringViewController.swift */ = {isa = PBXFileReference; fileEncoding = 4; lastKnownFileType = sourcecode.swift; path = CollisionFilteringViewController.swift; sourceTree = "<group>"; };
		47924CB02B453EA5003CFF87 /* PinballViewController.swift */ = {isa = PBXFileReference; fileEncoding = 4; lastKnownFileType = sourcecode.swift; path = PinballViewController.swift; sourceTree = "<group>"; };
		47924CB12B453EA5003CFF87 /* BodyTypesViewController.swift */ = {isa = PBXFileReference; fileEncoding = 4; lastKnownFileType = sourcecode.swift; path = BodyTypesViewController.swift; sourceTree = "<group>"; };
		47924CB22B453EA5003CFF87 /* AddPairViewController.swift */ = {isa = PBXFileReference; fileEncoding = 4; lastKnownFileType = sourcecode.swift; path = AddPairViewController.swift; sourceTree = "<group>"; };
		47924CB32B453EA5003CFF87 /* WebViewController.swift */ = {isa = PBXFileReference; fileEncoding = 4; lastKnownFileType = sourcecode.swift; path = WebViewController.swift; sourceTree = "<group>"; };
		47924CB42B453EA5003CFF87 /* ChainViewController.swift */ = {isa = PBXFileReference; fileEncoding = 4; lastKnownFileType = sourcecode.swift; path = ChainViewController.swift; sourceTree = "<group>"; };
		47924CB52B453EA5003CFF87 /* PolyShapesViewController.swift */ = {isa = PBXFileReference; fileEncoding = 4; lastKnownFileType = sourcecode.swift; path = PolyShapesViewController.swift; sourceTree = "<group>"; };
		47924CB62B453EA5003CFF87 /* RopeJointViewController.swift */ = {isa = PBXFileReference; fileEncoding = 4; lastKnownFileType = sourcecode.swift; path = RopeJointViewController.swift; sourceTree = "<group>"; };
		47924CB72B453EA5003CFF87 /* ShapeEditingViewController.swift */ = {isa = PBXFileReference; fileEncoding = 4; lastKnownFileType = sourcecode.swift; path = ShapeEditingViewController.swift; sourceTree = "<group>"; };
		47924CB82B453EA5003CFF87 /* ContinuousTestViewController.swift */ = {isa = PBXFileReference; fileEncoding = 4; lastKnownFileType = sourcecode.swift; path = ContinuousTestViewController.swift; sourceTree = "<group>"; };
		47924CB92B453EA5003CFF87 /* EdgeTestViewController.swift */ = {isa = PBXFileReference; fileEncoding = 4; lastKnownFileType = sourcecode.swift; path = EdgeTestViewController.swift; sourceTree = "<group>"; };
		47924CBA2B453EA5003CFF87 /* GearViewController.swift */ = {isa = PBXFileReference; fileEncoding = 4; lastKnownFileType = sourcecode.swift; path = GearViewController.swift; sourceTree = "<group>"; };
		47924CBB2B453EA5003CFF87 /* CompoundShapesViewController.swift */ = {isa = PBXFileReference; fileEncoding = 4; lastKnownFileType = sourcecode.swift; path = CompoundShapesViewController.swift; sourceTree = "<group>"; };
		47924CBC2B453EA5003CFF87 /* CharacterCollisionViewController.swift */ = {isa = PBXFileReference; fileEncoding = 4; lastKnownFileType = sourcecode.swift; path = CharacterCollisionViewController.swift; sourceTree = "<group>"; };
		47924CBD2B453EA5003CFF87 /* TimeOfImpactViewController.swift */ = {isa = PBXFileReference; fileEncoding = 4; lastKnownFileType = sourcecode.swift; path = TimeOfImpactViewController.swift; sourceTree = "<group>"; };
		47924CBE2B453EA5003CFF87 /* DumpShellViewController.swift */ = {isa = PBXFileReference; fileEncoding = 4; lastKnownFileType = sourcecode.swift; path = DumpShellViewController.swift; sourceTree = "<group>"; };
		47924CBF2B453EA5003CFF87 /* BulletTestViewController.swift */ = {isa = PBXFileReference; fileEncoding = 4; lastKnownFileType = sourcecode.swift; path = BulletTestViewController.swift; sourceTree = "<group>"; };
		47924CC02B453EA5003CFF87 /* AdditionalInfoView.swift */ = {isa = PBXFileReference; fileEncoding = 4; lastKnownFileType = sourcecode.swift; path = AdditionalInfoView.swift; sourceTree = "<group>"; };
		47924CC12B453EA5003CFF87 /* InfoView.swift */ = {isa = PBXFileReference; fileEncoding = 4; lastKnownFileType = sourcecode.swift; path = InfoView.swift; sourceTree = "<group>"; };
		47924CC42B453EA5003CFF87 /* TextListViewController.swift */ = {isa = PBXFileReference; fileEncoding = 4; lastKnownFileType = sourcecode.swift; path = TextListViewController.swift; sourceTree = "<group>"; };
/* End PBXFileReference section */

/* Begin PBXFrameworksBuildPhase section */
		4786927E2B46404800DC1D45 /* Frameworks */ = {
			isa = PBXFrameworksBuildPhase;
			buildActionMask = 2147483647;
			files = (
			);
			runOnlyForDeploymentPostprocessing = 0;
		};
		47924C272B4536E1003CFF87 /* Frameworks */ = {
			isa = PBXFrameworksBuildPhase;
			buildActionMask = 2147483647;
			files = (
				47924C432B453732003CFF87 /* Box2D in Frameworks */,
			);
			runOnlyForDeploymentPostprocessing = 0;
		};
/* End PBXFrameworksBuildPhase section */

/* Begin PBXGroup section */
		478692822B46404800DC1D45 /* Testbed-iOS-Tests */ = {
			isa = PBXGroup;
			children = (
				478692832B46404800DC1D45 /* Testbed_iOS_Tests.swift */,
			);
			path = "Testbed-iOS-Tests";
			sourceTree = "<group>";
		};
		47887B332B46287800E23E80 /* Renderer */ = {
			isa = PBXGroup;
			children = (
				47887B362B46287800E23E80 /* RenderView.swift */,
				47887B372B46287800E23E80 /* Renderer.swift */,
				47887B342B46287800E23E80 /* Shader.metal */,
				47887B352B46287800E23E80 /* Common.h */,
			);
			path = Renderer;
			sourceTree = "<group>";
		};
		47924C212B4536E1003CFF87 = {
			isa = PBXGroup;
			children = (
				47924C2C2B4536E1003CFF87 /* Testbed-iOS */,
				478692822B46404800DC1D45 /* Testbed-iOS-Tests */,
				47924C2B2B4536E1003CFF87 /* Products */,
			);
			sourceTree = "<group>";
		};
		47924C2B2B4536E1003CFF87 /* Products */ = {
			isa = PBXGroup;
			children = (
				47924C2A2B4536E1003CFF87 /* Testbed-iOS.app */,
				478692812B46404800DC1D45 /* Testbed-iOS-Tests.xctest */,
			);
			name = Products;
			sourceTree = "<group>";
		};
		47924C2C2B4536E1003CFF87 /* Testbed-iOS */ = {
			isa = PBXGroup;
			children = (
				47924C2D2B4536E1003CFF87 /* AppDelegate.swift */,
				47924C2F2B4536E1003CFF87 /* SceneDelegate.swift */,
				47924C8D2B453EA5003CFF87 /* MenuViewController.swift */,
				47924CC02B453EA5003CFF87 /* AdditionalInfoView.swift */,
				47924C8E2B453EA5003CFF87 /* BaseViewController.swift */,
				47924C892B453EA4003CFF87 /* BombLauncher.swift */,
				47924C862B453EA4003CFF87 /* Helper.swift */,
				47924CC12B453EA5003CFF87 /* InfoView.swift */,
				47924C872B453EA4003CFF87 /* SettingViewController.swift */,
				47924CC42B453EA5003CFF87 /* TextListViewController.swift */,
				47887B332B46287800E23E80 /* Renderer */,
				47924C8F2B453EA5003CFF87 /* Tests */,
				47924C332B4536E1003CFF87 /* Main.storyboard */,
				47924C8C2B453EA5003CFF87 /* HertzCell.xib */,
				47924C8B2B453EA4003CFF87 /* IterationCell.xib */,
				47924C8A2B453EA4003CFF87 /* SwitchCell.xib */,
				47924C362B4536E2003CFF87 /* Assets.xcassets */,
				47924C382B4536E2003CFF87 /* LaunchScreen.storyboard */,
				47924C3B2B4536E2003CFF87 /* Info.plist */,
				47887B3B2B46288E00E23E80 /* Testbed-iOS-Bridging-Header.h */,
			);
			path = "Testbed-iOS";
			sourceTree = "<group>";
		};
		47924C8F2B453EA5003CFF87 /* Tests */ = {
			isa = PBXGroup;
			children = (
				47924CB22B453EA5003CFF87 /* AddPairViewController.swift */,
				47924C9F2B453EA5003CFF87 /* ApplyForceViewController.swift */,
				47924CB12B453EA5003CFF87 /* BodyTypesViewController.swift */,
				47924C942B453EA5003CFF87 /* BreakableViewController.swift */,
				47924C9A2B453EA5003CFF87 /* BridgeViewController.swift */,
				47924CBF2B453EA5003CFF87 /* BulletTestViewController.swift */,
				47924C952B453EA5003CFF87 /* CantileverViewController.swift */,
				47924C9C2B453EA5003CFF87 /* CarViewController.swift */,
				47924CB42B453EA5003CFF87 /* ChainViewController.swift */,
				47924CBC2B453EA5003CFF87 /* CharacterCollisionViewController.swift */,
				47924CAF2B453EA5003CFF87 /* CollisionFilteringViewController.swift */,
				47924CA82B453EA5003CFF87 /* CollisionProcessingViewController.swift */,
				47924CBB2B453EA5003CFF87 /* CompoundShapesViewController.swift */,
				47924CAA2B453EA5003CFF87 /* ConfinedViewController.swift */,
				47924CB82B453EA5003CFF87 /* ContinuousTestViewController.swift */,
				47924CAE2B453EA5003CFF87 /* ConveyorBeltViewController.swift */,
				47924CAB2B453EA5003CFF87 /* DistanceTestViewController.swift */,
				47924C932B453EA5003CFF87 /* DominosViewController.swift */,
				47924CBE2B453EA5003CFF87 /* DumpShellViewController.swift */,
				47924CA42B453EA5003CFF87 /* DynamicTreeTestViewController.swift */,
				47924CA12B453EA5003CFF87 /* EdgeShapesViewController.swift */,
				47924CB92B453EA5003CFF87 /* EdgeTestViewController.swift */,
				47924CBA2B453EA5003CFF87 /* GearViewController.swift */,
				47924CAC2B453EA5003CFF87 /* MobileBalancedViewController.swift */,
				47924C962B453EA5003CFF87 /* MobileViewController.swift */,
				47924CA72B453EA5003CFF87 /* MotorJointViewController.swift */,
				47924CA22B453EA5003CFF87 /* OneSidedPlatformViewController.swift */,
				47924CB02B453EA5003CFF87 /* PinballViewController.swift */,
				47924CA62B453EA5003CFF87 /* PolyCollisionViewController.swift */,
				47924CB52B453EA5003CFF87 /* PolyShapesViewController.swift */,
				47924CA02B453EA5003CFF87 /* PrismaticViewController.swift */,
				47924C902B453EA5003CFF87 /* PulleysViewController.swift */,
				47924C9E2B453EA5003CFF87 /* PyramidViewController.swift */,
				47924CA92B453EA5003CFF87 /* RayCastViewController.swift */,
				47924C972B453EA5003CFF87 /* RevoluteViewController.swift */,
				47924CB62B453EA5003CFF87 /* RopeJointViewController.swift */,
				47924C992B453EA5003CFF87 /* SensorTestViewController.swift */,
				47924CB72B453EA5003CFF87 /* ShapeEditingViewController.swift */,
				47924CA52B453EA5003CFF87 /* SliderCrankViewController.swift */,
				47924C9B2B453EA5003CFF87 /* SphereStackViewController.swift */,
				47924C982B453EA5003CFF87 /* TheoJansenViewController.swift */,
				47924CA32B453EA5003CFF87 /* TilesViewController.swift */,
				47924CBD2B453EA5003CFF87 /* TimeOfImpactViewController.swift */,
				47924C922B453EA5003CFF87 /* TumblerViewController.swift */,
				47924CAD2B453EA5003CFF87 /* VaryingFrictionViewController.swift */,
				47924C9D2B453EA5003CFF87 /* VaryingRestitutionViewController.swift */,
				47924C912B453EA5003CFF87 /* VerticalStackViewController.swift */,
				47924CB32B453EA5003CFF87 /* WebViewController.swift */,
			);
			path = Tests;
			sourceTree = "<group>";
		};
/* End PBXGroup section */

/* Begin PBXNativeTarget section */
		478692802B46404800DC1D45 /* Testbed-iOS-Tests */ = {
			isa = PBXNativeTarget;
			buildConfigurationList = 478692892B46404800DC1D45 /* Build configuration list for PBXNativeTarget "Testbed-iOS-Tests" */;
			buildPhases = (
				4786927D2B46404800DC1D45 /* Sources */,
				4786927E2B46404800DC1D45 /* Frameworks */,
				4786927F2B46404800DC1D45 /* Resources */,
			);
			buildRules = (
			);
			dependencies = (
				478692862B46404800DC1D45 /* PBXTargetDependency */,
			);
			name = "Testbed-iOS-Tests";
			productName = "Testbed-iOS-Tests";
			productReference = 478692812B46404800DC1D45 /* Testbed-iOS-Tests.xctest */;
			productType = "com.apple.product-type.bundle.unit-test";
		};
		47924C292B4536E1003CFF87 /* Testbed-iOS */ = {
			isa = PBXNativeTarget;
			buildConfigurationList = 47924C3E2B4536E2003CFF87 /* Build configuration list for PBXNativeTarget "Testbed-iOS" */;
			buildPhases = (
				47924C262B4536E1003CFF87 /* Sources */,
				47924C272B4536E1003CFF87 /* Frameworks */,
				47924C282B4536E1003CFF87 /* Resources */,
			);
			buildRules = (
			);
			dependencies = (
			);
			name = "Testbed-iOS";
			packageProductDependencies = (
				47924C422B453732003CFF87 /* Box2D */,
			);
			productName = "Testbed-iOS";
			productReference = 47924C2A2B4536E1003CFF87 /* Testbed-iOS.app */;
			productType = "com.apple.product-type.application";
		};
/* End PBXNativeTarget section */

/* Begin PBXProject section */
		47924C222B4536E1003CFF87 /* Project object */ = {
			isa = PBXProject;
			attributes = {
				BuildIndependentTargetsInParallel = 1;
				LastSwiftUpdateCheck = 1510;
				LastUpgradeCheck = 1510;
				TargetAttributes = {
					478692802B46404800DC1D45 = {
						CreatedOnToolsVersion = 15.1;
						TestTargetID = 47924C292B4536E1003CFF87;
					};
					47924C292B4536E1003CFF87 = {
						CreatedOnToolsVersion = 15.1;
						LastSwiftMigration = 1510;
					};
				};
			};
			buildConfigurationList = 47924C252B4536E1003CFF87 /* Build configuration list for PBXProject "Testbed-iOS" */;
			compatibilityVersion = "Xcode 14.0";
			developmentRegion = en;
			hasScannedForEncodings = 0;
			knownRegions = (
				en,
				Base,
			);
			mainGroup = 47924C212B4536E1003CFF87;
			packageReferences = (
				47924C412B453732003CFF87 /* XCRemoteSwiftPackageReference "Box2DSwift" */,
			);
			productRefGroup = 47924C2B2B4536E1003CFF87 /* Products */;
			projectDirPath = "";
			projectRoot = "";
			targets = (
				47924C292B4536E1003CFF87 /* Testbed-iOS */,
				478692802B46404800DC1D45 /* Testbed-iOS-Tests */,
			);
		};
/* End PBXProject section */

/* Begin PBXResourcesBuildPhase section */
		4786927F2B46404800DC1D45 /* Resources */ = {
			isa = PBXResourcesBuildPhase;
			buildActionMask = 2147483647;
			files = (
			);
			runOnlyForDeploymentPostprocessing = 0;
		};
		47924C282B4536E1003CFF87 /* Resources */ = {
			isa = PBXResourcesBuildPhase;
			buildActionMask = 2147483647;
			files = (
				47924C3A2B4536E2003CFF87 /* LaunchScreen.storyboard in Resources */,
				47924CCB2B453EA5003CFF87 /* IterationCell.xib in Resources */,
				47924C372B4536E2003CFF87 /* Assets.xcassets in Resources */,
				47924C352B4536E1003CFF87 /* Main.storyboard in Resources */,
				47924CCC2B453EA5003CFF87 /* HertzCell.xib in Resources */,
				47924CCA2B453EA5003CFF87 /* SwitchCell.xib in Resources */,
			);
			runOnlyForDeploymentPostprocessing = 0;
		};
/* End PBXResourcesBuildPhase section */

/* Begin PBXSourcesBuildPhase section */
		4786927D2B46404800DC1D45 /* Sources */ = {
			isa = PBXSourcesBuildPhase;
			buildActionMask = 2147483647;
			files = (
				478692842B46404800DC1D45 /* Testbed_iOS_Tests.swift in Sources */,
			);
			runOnlyForDeploymentPostprocessing = 0;
		};
		47924C262B4536E1003CFF87 /* Sources */ = {
			isa = PBXSourcesBuildPhase;
			buildActionMask = 2147483647;
			files = (
				47924CC72B453EA5003CFF87 /* SettingViewController.swift in Sources */,
				47924CE52B453EA5003CFF87 /* PolyCollisionViewController.swift in Sources */,
				47924CEA2B453EA5003CFF87 /* DistanceTestViewController.swift in Sources */,
				47924CD92B453EA5003CFF87 /* BridgeViewController.swift in Sources */,
				47924CED2B453EA5003CFF87 /* ConveyorBeltViewController.swift in Sources */,
				47924CF72B453EA5003CFF87 /* ContinuousTestViewController.swift in Sources */,
				47924CD42B453EA5003CFF87 /* CantileverViewController.swift in Sources */,
				47924CDD2B453EA5003CFF87 /* PyramidViewController.swift in Sources */,
				47924CFE2B453EA5003CFF87 /* BulletTestViewController.swift in Sources */,
				47924CD82B453EA5003CFF87 /* SensorTestViewController.swift in Sources */,
				47924CF92B453EA5003CFF87 /* GearViewController.swift in Sources */,
				47924CF32B453EA5003CFF87 /* ChainViewController.swift in Sources */,
				47924CF62B453EA5003CFF87 /* ShapeEditingViewController.swift in Sources */,
				47924CFB2B453EA5003CFF87 /* CharacterCollisionViewController.swift in Sources */,
				47924CE02B453EA5003CFF87 /* EdgeShapesViewController.swift in Sources */,
				47924D002B453EA5003CFF87 /* InfoView.swift in Sources */,
				47924CEE2B453EA5003CFF87 /* CollisionFilteringViewController.swift in Sources */,
				47924CDE2B453EA5003CFF87 /* ApplyForceViewController.swift in Sources */,
				47924CEF2B453EA5003CFF87 /* PinballViewController.swift in Sources */,
				47924CE72B453EA5003CFF87 /* CollisionProcessingViewController.swift in Sources */,
				47924C2E2B4536E1003CFF87 /* AppDelegate.swift in Sources */,
				47924CF52B453EA5003CFF87 /* RopeJointViewController.swift in Sources */,
				47924CE12B453EA5003CFF87 /* OneSidedPlatformViewController.swift in Sources */,
				47924CD72B453EA5003CFF87 /* TheoJansenViewController.swift in Sources */,
				47924CFC2B453EA5003CFF87 /* TimeOfImpactViewController.swift in Sources */,
				47924CD62B453EA5003CFF87 /* RevoluteViewController.swift in Sources */,
				47924CEB2B453EA5003CFF87 /* MobileBalancedViewController.swift in Sources */,
				47924CD12B453EA5003CFF87 /* TumblerViewController.swift in Sources */,
				47924CF82B453EA5003CFF87 /* EdgeTestViewController.swift in Sources */,
				47887B3A2B46287800E23E80 /* Renderer.swift in Sources */,
				47924C302B4536E1003CFF87 /* SceneDelegate.swift in Sources */,
				47924CF12B453EA5003CFF87 /* AddPairViewController.swift in Sources */,
				47924CDF2B453EA5003CFF87 /* PrismaticViewController.swift in Sources */,
				47924CCE2B453EA5003CFF87 /* BaseViewController.swift in Sources */,
				47924CE62B453EA5003CFF87 /* MotorJointViewController.swift in Sources */,
				47924CDC2B453EA5003CFF87 /* VaryingRestitutionViewController.swift in Sources */,
				47924CE82B453EA5003CFF87 /* RayCastViewController.swift in Sources */,
				47924CFA2B453EA5003CFF87 /* CompoundShapesViewController.swift in Sources */,
				47924CF22B453EA5003CFF87 /* WebViewController.swift in Sources */,
				47924CD02B453EA5003CFF87 /* VerticalStackViewController.swift in Sources */,
				47924CE22B453EA5003CFF87 /* TilesViewController.swift in Sources */,
				47924CF42B453EA5003CFF87 /* PolyShapesViewController.swift in Sources */,
				47924CC62B453EA5003CFF87 /* Helper.swift in Sources */,
				47924CFF2B453EA5003CFF87 /* AdditionalInfoView.swift in Sources */,
				47924D032B453EA5003CFF87 /* TextListViewController.swift in Sources */,
				47887B392B46287800E23E80 /* RenderView.swift in Sources */,
				47924CCF2B453EA5003CFF87 /* PulleysViewController.swift in Sources */,
				47924CF02B453EA5003CFF87 /* BodyTypesViewController.swift in Sources */,
				47924CDB2B453EA5003CFF87 /* CarViewController.swift in Sources */,
				47924CFD2B453EA5003CFF87 /* DumpShellViewController.swift in Sources */,
				47924CDA2B453EA5003CFF87 /* SphereStackViewController.swift in Sources */,
				47924CE92B453EA5003CFF87 /* ConfinedViewController.swift in Sources */,
				47924CD32B453EA5003CFF87 /* BreakableViewController.swift in Sources */,
				47924CD52B453EA5003CFF87 /* MobileViewController.swift in Sources */,
				47924CEC2B453EA5003CFF87 /* VaryingFrictionViewController.swift in Sources */,
				47924CE42B453EA5003CFF87 /* SliderCrankViewController.swift in Sources */,
				47924CC92B453EA5003CFF87 /* BombLauncher.swift in Sources */,
				47924CD22B453EA5003CFF87 /* DominosViewController.swift in Sources */,
				47924CE32B453EA5003CFF87 /* DynamicTreeTestViewController.swift in Sources */,
				47887B382B46287800E23E80 /* Shader.metal in Sources */,
				47924CCD2B453EA5003CFF87 /* MenuViewController.swift in Sources */,
			);
			runOnlyForDeploymentPostprocessing = 0;
		};
/* End PBXSourcesBuildPhase section */

/* Begin PBXTargetDependency section */
		478692862B46404800DC1D45 /* PBXTargetDependency */ = {
			isa = PBXTargetDependency;
			target = 47924C292B4536E1003CFF87 /* Testbed-iOS */;
			targetProxy = 478692852B46404800DC1D45 /* PBXContainerItemProxy */;
		};
/* End PBXTargetDependency section */

/* Begin PBXVariantGroup section */
		47924C332B4536E1003CFF87 /* Main.storyboard */ = {
			isa = PBXVariantGroup;
			children = (
				47924C342B4536E1003CFF87 /* Base */,
			);
			name = Main.storyboard;
			sourceTree = "<group>";
		};
		47924C382B4536E2003CFF87 /* LaunchScreen.storyboard */ = {
			isa = PBXVariantGroup;
			children = (
				47924C392B4536E2003CFF87 /* Base */,
			);
			name = LaunchScreen.storyboard;
			sourceTree = "<group>";
		};
/* End PBXVariantGroup section */

/* Begin XCBuildConfiguration section */
		478692872B46404800DC1D45 /* Debug */ = {
			isa = XCBuildConfiguration;
			buildSettings = {
				BUNDLE_LOADER = "$(TEST_HOST)";
				CODE_SIGN_STYLE = Automatic;
				CURRENT_PROJECT_VERSION = 1;
				DEVELOPMENT_TEAM = 77KF4HLCS9;
				GENERATE_INFOPLIST_FILE = YES;
				IPHONEOS_DEPLOYMENT_TARGET = 17.2;
				MACOSX_DEPLOYMENT_TARGET = 14.2;
				MARKETING_VERSION = 1.0;
				PRODUCT_BUNDLE_IDENTIFIER = "io.github.yohei-yoshihara.Testbed-iOS-Tests";
				PRODUCT_NAME = "$(TARGET_NAME)";
				SDKROOT = auto;
				SUPPORTED_PLATFORMS = "iphoneos iphonesimulator macosx";
				SWIFT_EMIT_LOC_STRINGS = NO;
				SWIFT_VERSION = 5.0;
				TARGETED_DEVICE_FAMILY = "1,2";
				TEST_HOST = "$(BUILT_PRODUCTS_DIR)/Testbed-iOS.app/$(BUNDLE_EXECUTABLE_FOLDER_PATH)/Testbed-iOS";
			};
			name = Debug;
		};
		478692882B46404800DC1D45 /* Release */ = {
			isa = XCBuildConfiguration;
			buildSettings = {
				BUNDLE_LOADER = "$(TEST_HOST)";
				CODE_SIGN_STYLE = Automatic;
				CURRENT_PROJECT_VERSION = 1;
				DEVELOPMENT_TEAM = 77KF4HLCS9;
				GENERATE_INFOPLIST_FILE = YES;
				IPHONEOS_DEPLOYMENT_TARGET = 17.2;
				MACOSX_DEPLOYMENT_TARGET = 14.2;
				MARKETING_VERSION = 1.0;
				PRODUCT_BUNDLE_IDENTIFIER = "io.github.yohei-yoshihara.Testbed-iOS-Tests";
				PRODUCT_NAME = "$(TARGET_NAME)";
				SDKROOT = auto;
				SUPPORTED_PLATFORMS = "iphoneos iphonesimulator macosx";
				SWIFT_EMIT_LOC_STRINGS = NO;
				SWIFT_VERSION = 5.0;
				TARGETED_DEVICE_FAMILY = "1,2";
				TEST_HOST = "$(BUILT_PRODUCTS_DIR)/Testbed-iOS.app/$(BUNDLE_EXECUTABLE_FOLDER_PATH)/Testbed-iOS";
			};
			name = Release;
		};
		47924C3C2B4536E2003CFF87 /* Debug */ = {
			isa = XCBuildConfiguration;
			buildSettings = {
				ALWAYS_SEARCH_USER_PATHS = NO;
				ASSETCATALOG_COMPILER_GENERATE_SWIFT_ASSET_SYMBOL_EXTENSIONS = YES;
				CLANG_ANALYZER_NONNULL = YES;
				CLANG_ANALYZER_NUMBER_OBJECT_CONVERSION = YES_AGGRESSIVE;
				CLANG_CXX_LANGUAGE_STANDARD = "gnu++20";
				CLANG_ENABLE_MODULES = YES;
				CLANG_ENABLE_OBJC_ARC = YES;
				CLANG_ENABLE_OBJC_WEAK = YES;
				CLANG_WARN_BLOCK_CAPTURE_AUTORELEASING = YES;
				CLANG_WARN_BOOL_CONVERSION = YES;
				CLANG_WARN_COMMA = YES;
				CLANG_WARN_CONSTANT_CONVERSION = YES;
				CLANG_WARN_DEPRECATED_OBJC_IMPLEMENTATIONS = YES;
				CLANG_WARN_DIRECT_OBJC_ISA_USAGE = YES_ERROR;
				CLANG_WARN_DOCUMENTATION_COMMENTS = YES;
				CLANG_WARN_EMPTY_BODY = YES;
				CLANG_WARN_ENUM_CONVERSION = YES;
				CLANG_WARN_INFINITE_RECURSION = YES;
				CLANG_WARN_INT_CONVERSION = YES;
				CLANG_WARN_NON_LITERAL_NULL_CONVERSION = YES;
				CLANG_WARN_OBJC_IMPLICIT_RETAIN_SELF = YES;
				CLANG_WARN_OBJC_LITERAL_CONVERSION = YES;
				CLANG_WARN_OBJC_ROOT_CLASS = YES_ERROR;
				CLANG_WARN_QUOTED_INCLUDE_IN_FRAMEWORK_HEADER = YES;
				CLANG_WARN_RANGE_LOOP_ANALYSIS = YES;
				CLANG_WARN_STRICT_PROTOTYPES = YES;
				CLANG_WARN_SUSPICIOUS_MOVE = YES;
				CLANG_WARN_UNGUARDED_AVAILABILITY = YES_AGGRESSIVE;
				CLANG_WARN_UNREACHABLE_CODE = YES;
				CLANG_WARN__DUPLICATE_METHOD_MATCH = YES;
				COPY_PHASE_STRIP = NO;
				DEBUG_INFORMATION_FORMAT = dwarf;
				ENABLE_STRICT_OBJC_MSGSEND = YES;
				ENABLE_TESTABILITY = YES;
				ENABLE_USER_SCRIPT_SANDBOXING = YES;
				GCC_C_LANGUAGE_STANDARD = gnu17;
				GCC_DYNAMIC_NO_PIC = NO;
				GCC_NO_COMMON_BLOCKS = YES;
				GCC_OPTIMIZATION_LEVEL = 0;
				GCC_PREPROCESSOR_DEFINITIONS = (
					"DEBUG=1",
					"$(inherited)",
				);
				GCC_WARN_64_TO_32_BIT_CONVERSION = YES;
				GCC_WARN_ABOUT_RETURN_TYPE = YES_ERROR;
				GCC_WARN_UNDECLARED_SELECTOR = YES;
				GCC_WARN_UNINITIALIZED_AUTOS = YES_AGGRESSIVE;
				GCC_WARN_UNUSED_FUNCTION = YES;
				GCC_WARN_UNUSED_VARIABLE = YES;
				IPHONEOS_DEPLOYMENT_TARGET = 17.2;
				LOCALIZATION_PREFERS_STRING_CATALOGS = YES;
				MTL_ENABLE_DEBUG_INFO = INCLUDE_SOURCE;
				MTL_FAST_MATH = YES;
				ONLY_ACTIVE_ARCH = YES;
				SDKROOT = iphoneos;
				SWIFT_ACTIVE_COMPILATION_CONDITIONS = "DEBUG $(inherited)";
				SWIFT_OPTIMIZATION_LEVEL = "-Onone";
			};
			name = Debug;
		};
		47924C3D2B4536E2003CFF87 /* Release */ = {
			isa = XCBuildConfiguration;
			buildSettings = {
				ALWAYS_SEARCH_USER_PATHS = NO;
				ASSETCATALOG_COMPILER_GENERATE_SWIFT_ASSET_SYMBOL_EXTENSIONS = YES;
				CLANG_ANALYZER_NONNULL = YES;
				CLANG_ANALYZER_NUMBER_OBJECT_CONVERSION = YES_AGGRESSIVE;
				CLANG_CXX_LANGUAGE_STANDARD = "gnu++20";
				CLANG_ENABLE_MODULES = YES;
				CLANG_ENABLE_OBJC_ARC = YES;
				CLANG_ENABLE_OBJC_WEAK = YES;
				CLANG_WARN_BLOCK_CAPTURE_AUTORELEASING = YES;
				CLANG_WARN_BOOL_CONVERSION = YES;
				CLANG_WARN_COMMA = YES;
				CLANG_WARN_CONSTANT_CONVERSION = YES;
				CLANG_WARN_DEPRECATED_OBJC_IMPLEMENTATIONS = YES;
				CLANG_WARN_DIRECT_OBJC_ISA_USAGE = YES_ERROR;
				CLANG_WARN_DOCUMENTATION_COMMENTS = YES;
				CLANG_WARN_EMPTY_BODY = YES;
				CLANG_WARN_ENUM_CONVERSION = YES;
				CLANG_WARN_INFINITE_RECURSION = YES;
				CLANG_WARN_INT_CONVERSION = YES;
				CLANG_WARN_NON_LITERAL_NULL_CONVERSION = YES;
				CLANG_WARN_OBJC_IMPLICIT_RETAIN_SELF = YES;
				CLANG_WARN_OBJC_LITERAL_CONVERSION = YES;
				CLANG_WARN_OBJC_ROOT_CLASS = YES_ERROR;
				CLANG_WARN_QUOTED_INCLUDE_IN_FRAMEWORK_HEADER = YES;
				CLANG_WARN_RANGE_LOOP_ANALYSIS = YES;
				CLANG_WARN_STRICT_PROTOTYPES = YES;
				CLANG_WARN_SUSPICIOUS_MOVE = YES;
				CLANG_WARN_UNGUARDED_AVAILABILITY = YES_AGGRESSIVE;
				CLANG_WARN_UNREACHABLE_CODE = YES;
				CLANG_WARN__DUPLICATE_METHOD_MATCH = YES;
				COPY_PHASE_STRIP = NO;
				DEBUG_INFORMATION_FORMAT = "dwarf-with-dsym";
				ENABLE_NS_ASSERTIONS = NO;
				ENABLE_STRICT_OBJC_MSGSEND = YES;
				ENABLE_USER_SCRIPT_SANDBOXING = YES;
				GCC_C_LANGUAGE_STANDARD = gnu17;
				GCC_NO_COMMON_BLOCKS = YES;
				GCC_WARN_64_TO_32_BIT_CONVERSION = YES;
				GCC_WARN_ABOUT_RETURN_TYPE = YES_ERROR;
				GCC_WARN_UNDECLARED_SELECTOR = YES;
				GCC_WARN_UNINITIALIZED_AUTOS = YES_AGGRESSIVE;
				GCC_WARN_UNUSED_FUNCTION = YES;
				GCC_WARN_UNUSED_VARIABLE = YES;
				IPHONEOS_DEPLOYMENT_TARGET = 17.2;
				LOCALIZATION_PREFERS_STRING_CATALOGS = YES;
				MTL_ENABLE_DEBUG_INFO = NO;
				MTL_FAST_MATH = YES;
				SDKROOT = iphoneos;
				SWIFT_COMPILATION_MODE = wholemodule;
				VALIDATE_PRODUCT = YES;
			};
			name = Release;
		};
		47924C3F2B4536E2003CFF87 /* Debug */ = {
			isa = XCBuildConfiguration;
			buildSettings = {
				ASSETCATALOG_COMPILER_APPICON_NAME = AppIcon;
				ASSETCATALOG_COMPILER_GLOBAL_ACCENT_COLOR_NAME = AccentColor;
				CLANG_ENABLE_MODULES = YES;
				CODE_SIGN_STYLE = Automatic;
				CURRENT_PROJECT_VERSION = 1;
				DEVELOPMENT_TEAM = 77KF4HLCS9;
				GENERATE_INFOPLIST_FILE = YES;
				INFOPLIST_FILE = "Testbed-iOS/Info.plist";
				INFOPLIST_KEY_UIApplicationSupportsIndirectInputEvents = YES;
				INFOPLIST_KEY_UILaunchStoryboardName = LaunchScreen;
				INFOPLIST_KEY_UIMainStoryboardFile = Main;
				INFOPLIST_KEY_UISupportedInterfaceOrientations_iPad = "UIInterfaceOrientationPortrait UIInterfaceOrientationPortraitUpsideDown UIInterfaceOrientationLandscapeLeft UIInterfaceOrientationLandscapeRight";
				INFOPLIST_KEY_UISupportedInterfaceOrientations_iPhone = "UIInterfaceOrientationPortrait UIInterfaceOrientationLandscapeLeft UIInterfaceOrientationLandscapeRight";
				LD_RUNPATH_SEARCH_PATHS = (
					"$(inherited)",
					"@executable_path/Frameworks",
				);
				MARKETING_VERSION = 1.0;
				PRODUCT_BUNDLE_IDENTIFIER = "io.github.yohei-yoshihara.Box2DSwift.Testbed-iOS";
				PRODUCT_NAME = "$(TARGET_NAME)";
				SWIFT_EMIT_LOC_STRINGS = YES;
				SWIFT_OBJC_BRIDGING_HEADER = "Testbed-iOS/Testbed-iOS-Bridging-Header.h";
				SWIFT_OPTIMIZATION_LEVEL = "-Onone";
				SWIFT_VERSION = 5.0;
				TARGETED_DEVICE_FAMILY = "1,2";
			};
			name = Debug;
		};
		47924C402B4536E2003CFF87 /* Release */ = {
			isa = XCBuildConfiguration;
			buildSettings = {
				ASSETCATALOG_COMPILER_APPICON_NAME = AppIcon;
				ASSETCATALOG_COMPILER_GLOBAL_ACCENT_COLOR_NAME = AccentColor;
				CLANG_ENABLE_MODULES = YES;
				CODE_SIGN_STYLE = Automatic;
				CURRENT_PROJECT_VERSION = 1;
				DEVELOPMENT_TEAM = 77KF4HLCS9;
				GENERATE_INFOPLIST_FILE = YES;
				INFOPLIST_FILE = "Testbed-iOS/Info.plist";
				INFOPLIST_KEY_UIApplicationSupportsIndirectInputEvents = YES;
				INFOPLIST_KEY_UILaunchStoryboardName = LaunchScreen;
				INFOPLIST_KEY_UIMainStoryboardFile = Main;
				INFOPLIST_KEY_UISupportedInterfaceOrientations_iPad = "UIInterfaceOrientationPortrait UIInterfaceOrientationPortraitUpsideDown UIInterfaceOrientationLandscapeLeft UIInterfaceOrientationLandscapeRight";
				INFOPLIST_KEY_UISupportedInterfaceOrientations_iPhone = "UIInterfaceOrientationPortrait UIInterfaceOrientationLandscapeLeft UIInterfaceOrientationLandscapeRight";
				LD_RUNPATH_SEARCH_PATHS = (
					"$(inherited)",
					"@executable_path/Frameworks",
				);
				MARKETING_VERSION = 1.0;
				PRODUCT_BUNDLE_IDENTIFIER = "io.github.yohei-yoshihara.Box2DSwift.Testbed-iOS";
				PRODUCT_NAME = "$(TARGET_NAME)";
				SWIFT_EMIT_LOC_STRINGS = YES;
				SWIFT_OBJC_BRIDGING_HEADER = "Testbed-iOS/Testbed-iOS-Bridging-Header.h";
				SWIFT_VERSION = 5.0;
				TARGETED_DEVICE_FAMILY = "1,2";
			};
			name = Release;
		};
/* End XCBuildConfiguration section */

/* Begin XCConfigurationList section */
		478692892B46404800DC1D45 /* Build configuration list for PBXNativeTarget "Testbed-iOS-Tests" */ = {
			isa = XCConfigurationList;
			buildConfigurations = (
				478692872B46404800DC1D45 /* Debug */,
				478692882B46404800DC1D45 /* Release */,
			);
			defaultConfigurationIsVisible = 0;
			defaultConfigurationName = Release;
		};
		47924C252B4536E1003CFF87 /* Build configuration list for PBXProject "Testbed-iOS" */ = {
			isa = XCConfigurationList;
			buildConfigurations = (
				47924C3C2B4536E2003CFF87 /* Debug */,
				47924C3D2B4536E2003CFF87 /* Release */,
			);
			defaultConfigurationIsVisible = 0;
			defaultConfigurationName = Release;
		};
		47924C3E2B4536E2003CFF87 /* Build configuration list for PBXNativeTarget "Testbed-iOS" */ = {
			isa = XCConfigurationList;
			buildConfigurations = (
				47924C3F2B4536E2003CFF87 /* Debug */,
				47924C402B4536E2003CFF87 /* Release */,
			);
			defaultConfigurationIsVisible = 0;
			defaultConfigurationName = Release;
		};
/* End XCConfigurationList section */

/* Begin XCRemoteSwiftPackageReference section */
		47924C412B453732003CFF87 /* XCRemoteSwiftPackageReference "Box2DSwift" */ = {
			isa = XCRemoteSwiftPackageReference;
			repositoryURL = "https://github.com/yohei-yoshihara/Box2DSwift";
			requirement = {
				branch = master;
				kind = branch;
			};
		};
/* End XCRemoteSwiftPackageReference section */

/* Begin XCSwiftPackageProductDependency section */
		47924C422B453732003CFF87 /* Box2D */ = {
			isa = XCSwiftPackageProductDependency;
			package = 47924C412B453732003CFF87 /* XCRemoteSwiftPackageReference "Box2DSwift" */;
			productName = Box2D;
		};
/* End XCSwiftPackageProductDependency section */
	};
	rootObject = 47924C222B4536E1003CFF87 /* Project object */;
}
